
Microsoft Visual Studio Solution File, Format Version 12.00
# Visual Studio 14
VisualStudioVersion = 14.0.25420.1
MinimumVisualStudioVersion = 10.0.40219.1
Project("{8BC9CEB8-8B4A-11D0-8D11-00A0C91BC942}") = "Camp2016Cpp", "Camp2016Cpp\Camp2016Cpp.vcxproj", "{6A307F2B-4027-47A6-8CF4-4E7E78F8480F}"
EndProject
Project("{8BC9CEB8-8B4A-11D0-8D11-00A0C91BC942}") = "googletest", "googletest\googletest.vcxproj", "{149C68CD-857B-4335-A9AA-6EACE942207C}"
EndProject
Project("{8BC9CEB8-8B4A-11D0-8D11-00A0C91BC942}") = "TestExample", "TestExample\TestExample.vcxproj", "{37A6827E-1B7A-4377-8627-9FECE859D85E}"
EndProject
Project("{8BC9CEB8-8B4A-11D0-8D11-00A0C91BC942}") = "Organizer", "Organizer\Organizer.vcxproj", "{251F15F0-E6B1-4D36-B5AA-D9A1B15ED051}"
EndProject
Project("{8BC9CEB8-8B4A-11D0-8D11-00A0C91BC942}") = "OrganizerTests", "OrganizerTests\OrganizerTests.vcxproj", "{06466AE6-5D1E-4E33-9EC6-E30D96D231E0}"
EndProject
Project("{8BC9CEB8-8B4A-11D0-8D11-00A0C91BC942}") = "MyLibrary", "MyLibrary\MyLibrary.vcxproj", "{ED4BF6E1-21C7-45C7-8CD7-3B021465B5B1}"
EndProject
Project("{8BC9CEB8-8B4A-11D0-8D11-00A0C91BC942}") = "MyLibraryClient", "MyLibraryClient\MyLibraryClient.vcxproj", "{963E8E18-F96D-44C2-B2C7-CC9A05CABC1A}"
EndProject
Project("{FAE04EC0-301F-11D3-BF4B-00C04F79EFBC}") = "MyLibraryClientCS", "MyLibraryClientCS\MyLibraryClientCS.csproj", "{CE254793-3BEB-4982-A263-26B1D743BDF0}"
EndProject
Global
	GlobalSection(SolutionConfigurationPlatforms) = preSolution
		Debug|Any CPU = Debug|Any CPU
		Debug|x64 = Debug|x64
		Debug|x86 = Debug|x86
		Release|Any CPU = Release|Any CPU
		Release|x64 = Release|x64
		Release|x86 = Release|x86
	EndGlobalSection
	GlobalSection(ProjectConfigurationPlatforms) = postSolution
		{6A307F2B-4027-47A6-8CF4-4E7E78F8480F}.Debug|Any CPU.ActiveCfg = Debug|Win32
		{6A307F2B-4027-47A6-8CF4-4E7E78F8480F}.Debug|x64.ActiveCfg = Debug|x64
		{6A307F2B-4027-47A6-8CF4-4E7E78F8480F}.Debug|x64.Build.0 = Debug|x64
		{6A307F2B-4027-47A6-8CF4-4E7E78F8480F}.Debug|x86.ActiveCfg = Debug|Win32
		{6A307F2B-4027-47A6-8CF4-4E7E78F8480F}.Debug|x86.Build.0 = Debug|Win32
		{6A307F2B-4027-47A6-8CF4-4E7E78F8480F}.Release|Any CPU.ActiveCfg = Release|Win32
		{6A307F2B-4027-47A6-8CF4-4E7E78F8480F}.Release|x64.ActiveCfg = Release|x64
		{6A307F2B-4027-47A6-8CF4-4E7E78F8480F}.Release|x64.Build.0 = Release|x64
		{6A307F2B-4027-47A6-8CF4-4E7E78F8480F}.Release|x86.ActiveCfg = Release|Win32
		{6A307F2B-4027-47A6-8CF4-4E7E78F8480F}.Release|x86.Build.0 = Release|Win32
		{149C68CD-857B-4335-A9AA-6EACE942207C}.Debug|Any CPU.ActiveCfg = Debug|Win32
		{149C68CD-857B-4335-A9AA-6EACE942207C}.Debug|x64.ActiveCfg = Debug|x64
		{149C68CD-857B-4335-A9AA-6EACE942207C}.Debug|x64.Build.0 = Debug|x64
		{149C68CD-857B-4335-A9AA-6EACE942207C}.Debug|x86.ActiveCfg = Debug|Win32
		{149C68CD-857B-4335-A9AA-6EACE942207C}.Debug|x86.Build.0 = Debug|Win32
		{149C68CD-857B-4335-A9AA-6EACE942207C}.Release|Any CPU.ActiveCfg = Release|Win32
		{149C68CD-857B-4335-A9AA-6EACE942207C}.Release|x64.ActiveCfg = Release|x64
		{149C68CD-857B-4335-A9AA-6EACE942207C}.Release|x64.Build.0 = Release|x64
		{149C68CD-857B-4335-A9AA-6EACE942207C}.Release|x86.ActiveCfg = Release|Win32
		{149C68CD-857B-4335-A9AA-6EACE942207C}.Release|x86.Build.0 = Release|Win32
		{37A6827E-1B7A-4377-8627-9FECE859D85E}.Debug|Any CPU.ActiveCfg = Debug|Win32
		{37A6827E-1B7A-4377-8627-9FECE859D85E}.Debug|x64.ActiveCfg = Debug|x64
		{37A6827E-1B7A-4377-8627-9FECE859D85E}.Debug|x64.Build.0 = Debug|x64
		{37A6827E-1B7A-4377-8627-9FECE859D85E}.Debug|x86.ActiveCfg = Debug|Win32
		{37A6827E-1B7A-4377-8627-9FECE859D85E}.Debug|x86.Build.0 = Debug|Win32
		{37A6827E-1B7A-4377-8627-9FECE859D85E}.Release|Any CPU.ActiveCfg = Release|Win32
		{37A6827E-1B7A-4377-8627-9FECE859D85E}.Release|x64.ActiveCfg = Release|x64
		{37A6827E-1B7A-4377-8627-9FECE859D85E}.Release|x64.Build.0 = Release|x64
		{37A6827E-1B7A-4377-8627-9FECE859D85E}.Release|x86.ActiveCfg = Release|Win32
		{37A6827E-1B7A-4377-8627-9FECE859D85E}.Release|x86.Build.0 = Release|Win32
		{251F15F0-E6B1-4D36-B5AA-D9A1B15ED051}.Debug|Any CPU.ActiveCfg = Debug|Win32
		{251F15F0-E6B1-4D36-B5AA-D9A1B15ED051}.Debug|x64.ActiveCfg = Debug|x64
		{251F15F0-E6B1-4D36-B5AA-D9A1B15ED051}.Debug|x64.Build.0 = Debug|x64
		{251F15F0-E6B1-4D36-B5AA-D9A1B15ED051}.Debug|x86.ActiveCfg = Debug|Win32
		{251F15F0-E6B1-4D36-B5AA-D9A1B15ED051}.Debug|x86.Build.0 = Debug|Win32
		{251F15F0-E6B1-4D36-B5AA-D9A1B15ED051}.Release|Any CPU.ActiveCfg = Release|Win32
		{251F15F0-E6B1-4D36-B5AA-D9A1B15ED051}.Release|x64.ActiveCfg = Release|x64
		{251F15F0-E6B1-4D36-B5AA-D9A1B15ED051}.Release|x64.Build.0 = Release|x64
		{251F15F0-E6B1-4D36-B5AA-D9A1B15ED051}.Release|x86.ActiveCfg = Release|Win32
		{251F15F0-E6B1-4D36-B5AA-D9A1B15ED051}.Release|x86.Build.0 = Release|Win32
		{06466AE6-5D1E-4E33-9EC6-E30D96D231E0}.Debug|Any CPU.ActiveCfg = Debug|Win32
		{06466AE6-5D1E-4E33-9EC6-E30D96D231E0}.Debug|x64.ActiveCfg = Debug|x64
		{06466AE6-5D1E-4E33-9EC6-E30D96D231E0}.Debug|x64.Build.0 = Debug|x64
		{06466AE6-5D1E-4E33-9EC6-E30D96D231E0}.Debug|x86.ActiveCfg = Debug|Win32
		{06466AE6-5D1E-4E33-9EC6-E30D96D231E0}.Debug|x86.Build.0 = Debug|Win32
		{06466AE6-5D1E-4E33-9EC6-E30D96D231E0}.Release|Any CPU.ActiveCfg = Release|Win32
		{06466AE6-5D1E-4E33-9EC6-E30D96D231E0}.Release|x64.ActiveCfg = Release|x64
		{06466AE6-5D1E-4E33-9EC6-E30D96D231E0}.Release|x64.Build.0 = Release|x64
		{06466AE6-5D1E-4E33-9EC6-E30D96D231E0}.Release|x86.ActiveCfg = Release|Win32
		{06466AE6-5D1E-4E33-9EC6-E30D96D231E0}.Release|x86.Build.0 = Release|Win32
		{ED4BF6E1-21C7-45C7-8CD7-3B021465B5B1}.Debug|Any CPU.ActiveCfg = Debug|Win32
		{ED4BF6E1-21C7-45C7-8CD7-3B021465B5B1}.Debug|x64.ActiveCfg = Debug|x64
		{ED4BF6E1-21C7-45C7-8CD7-3B021465B5B1}.Debug|x64.Build.0 = Debug|x64
		{ED4BF6E1-21C7-45C7-8CD7-3B021465B5B1}.Debug|x86.ActiveCfg = Debug|Win32
		{ED4BF6E1-21C7-45C7-8CD7-3B021465B5B1}.Debug|x86.Build.0 = Debug|Win32
		{ED4BF6E1-21C7-45C7-8CD7-3B021465B5B1}.Release|Any CPU.ActiveCfg = Release|Win32
		{ED4BF6E1-21C7-45C7-8CD7-3B021465B5B1}.Release|x64.ActiveCfg = Release|x64
		{ED4BF6E1-21C7-45C7-8CD7-3B021465B5B1}.Release|x64.Build.0 = Release|x64
		{ED4BF6E1-21C7-45C7-8CD7-3B021465B5B1}.Release|x86.ActiveCfg = Release|Win32
		{ED4BF6E1-21C7-45C7-8CD7-3B021465B5B1}.Release|x86.Build.0 = Release|Win32
		{963E8E18-F96D-44C2-B2C7-CC9A05CABC1A}.Debug|Any CPU.ActiveCfg = Debug|Win32
		{963E8E18-F96D-44C2-B2C7-CC9A05CABC1A}.Debug|x64.ActiveCfg = Debug|x64
		{963E8E18-F96D-44C2-B2C7-CC9A05CABC1A}.Debug|x64.Build.0 = Debug|x64
		{963E8E18-F96D-44C2-B2C7-CC9A05CABC1A}.Debug|x86.ActiveCfg = Debug|Win32
		{963E8E18-F96D-44C2-B2C7-CC9A05CABC1A}.Debug|x86.Build.0 = Debug|Win32
		{963E8E18-F96D-44C2-B2C7-CC9A05CABC1A}.Release|Any CPU.ActiveCfg = Release|Win32
		{963E8E18-F96D-44C2-B2C7-CC9A05CABC1A}.Release|x64.ActiveCfg = Release|x64
		{963E8E18-F96D-44C2-B2C7-CC9A05CABC1A}.Release|x64.Build.0 = Release|x64
		{963E8E18-F96D-44C2-B2C7-CC9A05CABC1A}.Release|x86.ActiveCfg = Release|Win32
		{963E8E18-F96D-44C2-B2C7-CC9A05CABC1A}.Release|x86.Build.0 = Release|Win32
		{CE254793-3BEB-4982-A263-26B1D743BDF0}.Debug|Any CPU.ActiveCfg = Debug|Any CPU
		{CE254793-3BEB-4982-A263-26B1D743BDF0}.Debug|Any CPU.Build.0 = Debug|Any CPU
		{CE254793-3BEB-4982-A263-26B1D743BDF0}.Debug|x64.ActiveCfg = Debug|Any CPU
		{CE254793-3BEB-4982-A263-26B1D743BDF0}.Debug|x64.Build.0 = Debug|Any CPU
		{CE254793-3BEB-4982-A263-26B1D743BDF0}.Debug|x86.ActiveCfg = Debug|Any CPU
		{CE254793-3BEB-4982-A263-26B1D743BDF0}.Debug|x86.Build.0 = Debug|Any CPU
		{CE254793-3BEB-4982-A263-26B1D743BDF0}.Release|Any CPU.ActiveCfg = Release|Any CPU
		{CE254793-3BEB-4982-A263-26B1D743BDF0}.Release|Any CPU.Build.0 = Release|Any CPU
		{CE254793-3BEB-4982-A263-26B1D743BDF0}.Release|x64.ActiveCfg = Release|Any CPU
		{CE254793-3BEB-4982-A263-26B1D743BDF0}.Release|x64.Build.0 = Release|Any CPU
		{CE254793-3BEB-4982-A263-26B1D743BDF0}.Release|x86.ActiveCfg = Release|Any CPU
		{CE254793-3BEB-4982-A263-26B1D743BDF0}.Release|x86.Build.0 = Release|Any CPU
	EndGlobalSection
	GlobalSection(SolutionProperties) = preSolution
		HideSolutionNode = FALSE
	EndGlobalSection
EndGlobal
